
Microsoft Visual Studio Solution File, Format Version 12.00
# Visual Studio Version 17
VisualStudioVersion = 17.1.32319.34
MinimumVisualStudioVersion = 10.0.40219.1
Project("{FAE04EC0-301F-11D3-BF4B-00C04F79EFBC}") = "DirFileProject", "DirFileProject\DirFileProject.csproj", "{1C3764E8-5D3D-4EF5-B523-1ECA99A98C40}"
EndProject
Global
	GlobalSection(SolutionConfigurationPlatforms) = preSolution
		Debug|Any CPU = Debug|Any CPU
		Release|Any CPU = Release|Any CPU
	EndGlobalSection
	GlobalSection(ProjectConfigurationPlatforms) = postSolution
		{1C3764E8-5D3D-4EF5-B523-1ECA99A98C40}.Debug|Any CPU.ActiveCfg = Debug|Any CPU
		{1C3764E8-5D3D-4EF5-B523-1ECA99A98C40}.Debug|Any CPU.Build.0 = Debug|Any CPU
		{1C3764E8-5D3D-4EF5-B523-1ECA99A98C40}.Release|Any CPU.ActiveCfg = Release|Any CPU
		{1C3764E8-5D3D-4EF5-B523-1ECA99A98C40}.Release|Any CPU.Build.0 = Release|Any CPU
	EndGlobalSection
	GlobalSection(SolutionProperties) = preSolution
		HideSolutionNode = FALSE
	EndGlobalSection
	GlobalSection(ExtensibilityGlobals) = postSolution
		SolutionGuid = {73411EEA-2BCA-4C0C-8DDF-5882D334B3C0}
	EndGlobalSection
EndGlobal
