
Microsoft Visual Studio Solution File, Format Version 12.00
# Visual Studio Version 17
VisualStudioVersion = 17.1.32228.430
MinimumVisualStudioVersion = 10.0.40219.1
Project("{FAE04EC0-301F-11D3-BF4B-00C04F79EFBC}") = "MyComponentClassLibrary", "MyComponentClassLibrary\MyComponentClassLibrary.csproj", "{7743C630-E6E8-4C2C-B329-691EDD720836}"
EndProject
Global
	GlobalSection(SolutionConfigurationPlatforms) = preSolution
		Debug|Any CPU = Debug|Any CPU
		Release|Any CPU = Release|Any CPU
	EndGlobalSection
	GlobalSection(ProjectConfigurationPlatforms) = postSolution
		{7743C630-E6E8-4C2C-B329-691EDD720836}.Debug|Any CPU.ActiveCfg = Debug|Any CPU
		{7743C630-E6E8-4C2C-B329-691EDD720836}.Debug|Any CPU.Build.0 = Debug|Any CPU
		{7743C630-E6E8-4C2C-B329-691EDD720836}.Release|Any CPU.ActiveCfg = Release|Any CPU
		{7743C630-E6E8-4C2C-B329-691EDD720836}.Release|Any CPU.Build.0 = Release|Any CPU
	EndGlobalSection
	GlobalSection(SolutionProperties) = preSolution
		HideSolutionNode = FALSE
	EndGlobalSection
	GlobalSection(ExtensibilityGlobals) = postSolution
		SolutionGuid = {8077A92E-9369-448D-AEF6-C06754A512DB}
	EndGlobalSection
EndGlobal
