
Microsoft Visual Studio Solution File, Format Version 12.00
# Visual Studio Version 17
VisualStudioVersion = 17.1.32319.34
MinimumVisualStudioVersion = 10.0.40219.1
Project("{FAE04EC0-301F-11D3-BF4B-00C04F79EFBC}") = "ConsoleReading", "ConsoleReading\ConsoleReading.csproj", "{FC799BF7-9D73-4F05-84B5-4EF81D64DF75}"
EndProject
Global
	GlobalSection(SolutionConfigurationPlatforms) = preSolution
		Debug|Any CPU = Debug|Any CPU
		Release|Any CPU = Release|Any CPU
	EndGlobalSection
	GlobalSection(ProjectConfigurationPlatforms) = postSolution
		{FC799BF7-9D73-4F05-84B5-4EF81D64DF75}.Debug|Any CPU.ActiveCfg = Debug|Any CPU
		{FC799BF7-9D73-4F05-84B5-4EF81D64DF75}.Debug|Any CPU.Build.0 = Debug|Any CPU
		{FC799BF7-9D73-4F05-84B5-4EF81D64DF75}.Release|Any CPU.ActiveCfg = Release|Any CPU
		{FC799BF7-9D73-4F05-84B5-4EF81D64DF75}.Release|Any CPU.Build.0 = Release|Any CPU
	EndGlobalSection
	GlobalSection(SolutionProperties) = preSolution
		HideSolutionNode = FALSE
	EndGlobalSection
	GlobalSection(ExtensibilityGlobals) = postSolution
		SolutionGuid = {BE9AE6D1-9582-4A57-8827-C4CEBB725D54}
	EndGlobalSection
EndGlobal
