
Microsoft Visual Studio Solution File, Format Version 12.00
# Visual Studio Version 17
VisualStudioVersion = 17.1.32319.34
MinimumVisualStudioVersion = 10.0.40219.1
Project("{FAE04EC0-301F-11D3-BF4B-00C04F79EFBC}") = "TaskSample", "TaskSample\TaskSample.csproj", "{6E6E9C69-2627-44F8-AD54-31105E165FC1}"
EndProject
Global
	GlobalSection(SolutionConfigurationPlatforms) = preSolution
		Debug|Any CPU = Debug|Any CPU
		Release|Any CPU = Release|Any CPU
	EndGlobalSection
	GlobalSection(ProjectConfigurationPlatforms) = postSolution
		{6E6E9C69-2627-44F8-AD54-31105E165FC1}.Debug|Any CPU.ActiveCfg = Debug|Any CPU
		{6E6E9C69-2627-44F8-AD54-31105E165FC1}.Debug|Any CPU.Build.0 = Debug|Any CPU
		{6E6E9C69-2627-44F8-AD54-31105E165FC1}.Release|Any CPU.ActiveCfg = Release|Any CPU
		{6E6E9C69-2627-44F8-AD54-31105E165FC1}.Release|Any CPU.Build.0 = Release|Any CPU
	EndGlobalSection
	GlobalSection(SolutionProperties) = preSolution
		HideSolutionNode = FALSE
	EndGlobalSection
	GlobalSection(ExtensibilityGlobals) = postSolution
		SolutionGuid = {53F61873-193B-4D77-B127-8A505E3761D7}
	EndGlobalSection
EndGlobal
