
Microsoft Visual Studio Solution File, Format Version 12.00
# Visual Studio Version 17
VisualStudioVersion = 17.1.32319.34
MinimumVisualStudioVersion = 10.0.40219.1
Project("{FAE04EC0-301F-11D3-BF4B-00C04F79EFBC}") = "EventsWPF", "EventsWPF\EventsWPF.csproj", "{1CAA7FBE-4FD8-4238-9A13-0AA581D8D657}"
EndProject
Global
	GlobalSection(SolutionConfigurationPlatforms) = preSolution
		Debug|ARM = Debug|ARM
		Debug|ARM64 = Debug|ARM64
		Debug|x64 = Debug|x64
		Debug|x86 = Debug|x86
		Release|ARM = Release|ARM
		Release|ARM64 = Release|ARM64
		Release|x64 = Release|x64
		Release|x86 = Release|x86
	EndGlobalSection
	GlobalSection(ProjectConfigurationPlatforms) = postSolution
		{1CAA7FBE-4FD8-4238-9A13-0AA581D8D657}.Debug|ARM.ActiveCfg = Debug|ARM
		{1CAA7FBE-4FD8-4238-9A13-0AA581D8D657}.Debug|ARM.Build.0 = Debug|ARM
		{1CAA7FBE-4FD8-4238-9A13-0AA581D8D657}.Debug|ARM.Deploy.0 = Debug|ARM
		{1CAA7FBE-4FD8-4238-9A13-0AA581D8D657}.Debug|ARM64.ActiveCfg = Debug|ARM64
		{1CAA7FBE-4FD8-4238-9A13-0AA581D8D657}.Debug|ARM64.Build.0 = Debug|ARM64
		{1CAA7FBE-4FD8-4238-9A13-0AA581D8D657}.Debug|ARM64.Deploy.0 = Debug|ARM64
		{1CAA7FBE-4FD8-4238-9A13-0AA581D8D657}.Debug|x64.ActiveCfg = Debug|x64
		{1CAA7FBE-4FD8-4238-9A13-0AA581D8D657}.Debug|x64.Build.0 = Debug|x64
		{1CAA7FBE-4FD8-4238-9A13-0AA581D8D657}.Debug|x64.Deploy.0 = Debug|x64
		{1CAA7FBE-4FD8-4238-9A13-0AA581D8D657}.Debug|x86.ActiveCfg = Debug|x86
		{1CAA7FBE-4FD8-4238-9A13-0AA581D8D657}.Debug|x86.Build.0 = Debug|x86
		{1CAA7FBE-4FD8-4238-9A13-0AA581D8D657}.Debug|x86.Deploy.0 = Debug|x86
		{1CAA7FBE-4FD8-4238-9A13-0AA581D8D657}.Release|ARM.ActiveCfg = Release|ARM
		{1CAA7FBE-4FD8-4238-9A13-0AA581D8D657}.Release|ARM.Build.0 = Release|ARM
		{1CAA7FBE-4FD8-4238-9A13-0AA581D8D657}.Release|ARM.Deploy.0 = Release|ARM
		{1CAA7FBE-4FD8-4238-9A13-0AA581D8D657}.Release|ARM64.ActiveCfg = Release|ARM64
		{1CAA7FBE-4FD8-4238-9A13-0AA581D8D657}.Release|ARM64.Build.0 = Release|ARM64
		{1CAA7FBE-4FD8-4238-9A13-0AA581D8D657}.Release|ARM64.Deploy.0 = Release|ARM64
		{1CAA7FBE-4FD8-4238-9A13-0AA581D8D657}.Release|x64.ActiveCfg = Release|x64
		{1CAA7FBE-4FD8-4238-9A13-0AA581D8D657}.Release|x64.Build.0 = Release|x64
		{1CAA7FBE-4FD8-4238-9A13-0AA581D8D657}.Release|x64.Deploy.0 = Release|x64
		{1CAA7FBE-4FD8-4238-9A13-0AA581D8D657}.Release|x86.ActiveCfg = Release|x86
		{1CAA7FBE-4FD8-4238-9A13-0AA581D8D657}.Release|x86.Build.0 = Release|x86
		{1CAA7FBE-4FD8-4238-9A13-0AA581D8D657}.Release|x86.Deploy.0 = Release|x86
	EndGlobalSection
	GlobalSection(SolutionProperties) = preSolution
		HideSolutionNode = FALSE
	EndGlobalSection
	GlobalSection(ExtensibilityGlobals) = postSolution
		SolutionGuid = {DA12FAC1-9536-463A-A350-7E4FF2302ED2}
	EndGlobalSection
EndGlobal
