
Microsoft Visual Studio Solution File, Format Version 12.00
# Visual Studio Version 17
VisualStudioVersion = 17.1.32228.430
MinimumVisualStudioVersion = 10.0.40219.1
Project("{FAE04EC0-301F-11D3-BF4B-00C04F79EFBC}") = "EasyCSharp2", "EasyCSharp2\EasyCSharp2.csproj", "{0588335E-792A-4EA1-AFE8-0D8B42744E16}"
EndProject
Global
	GlobalSection(SolutionConfigurationPlatforms) = preSolution
		Debug|Any CPU = Debug|Any CPU
		Release|Any CPU = Release|Any CPU
	EndGlobalSection
	GlobalSection(ProjectConfigurationPlatforms) = postSolution
		{0588335E-792A-4EA1-AFE8-0D8B42744E16}.Debug|Any CPU.ActiveCfg = Debug|Any CPU
		{0588335E-792A-4EA1-AFE8-0D8B42744E16}.Debug|Any CPU.Build.0 = Debug|Any CPU
		{0588335E-792A-4EA1-AFE8-0D8B42744E16}.Release|Any CPU.ActiveCfg = Release|Any CPU
		{0588335E-792A-4EA1-AFE8-0D8B42744E16}.Release|Any CPU.Build.0 = Release|Any CPU
	EndGlobalSection
	GlobalSection(SolutionProperties) = preSolution
		HideSolutionNode = FALSE
	EndGlobalSection
	GlobalSection(ExtensibilityGlobals) = postSolution
		SolutionGuid = {76263E27-CFB0-4804-A41A-838531A07740}
	EndGlobalSection
EndGlobal
