
Microsoft Visual Studio Solution File, Format Version 12.00
# Visual Studio Version 17
VisualStudioVersion = 17.1.32319.34
MinimumVisualStudioVersion = 10.0.40219.1
Project("{FAE04EC0-301F-11D3-BF4B-00C04F79EFBC}") = "ConversionProject", "ConversionProject\ConversionProject.csproj", "{F2FBFD61-4FB6-49ED-84B5-A5D7C5B9513C}"
EndProject
Global
	GlobalSection(SolutionConfigurationPlatforms) = preSolution
		Debug|Any CPU = Debug|Any CPU
		Release|Any CPU = Release|Any CPU
	EndGlobalSection
	GlobalSection(ProjectConfigurationPlatforms) = postSolution
		{F2FBFD61-4FB6-49ED-84B5-A5D7C5B9513C}.Debug|Any CPU.ActiveCfg = Debug|Any CPU
		{F2FBFD61-4FB6-49ED-84B5-A5D7C5B9513C}.Debug|Any CPU.Build.0 = Debug|Any CPU
		{F2FBFD61-4FB6-49ED-84B5-A5D7C5B9513C}.Release|Any CPU.ActiveCfg = Release|Any CPU
		{F2FBFD61-4FB6-49ED-84B5-A5D7C5B9513C}.Release|Any CPU.Build.0 = Release|Any CPU
	EndGlobalSection
	GlobalSection(SolutionProperties) = preSolution
		HideSolutionNode = FALSE
	EndGlobalSection
	GlobalSection(ExtensibilityGlobals) = postSolution
		SolutionGuid = {E0F71561-F719-4920-BB38-057198EED69D}
	EndGlobalSection
EndGlobal
