
Microsoft Visual Studio Solution File, Format Version 12.00
# Visual Studio Version 17
VisualStudioVersion = 17.1.32319.34
MinimumVisualStudioVersion = 10.0.40219.1
Project("{FAE04EC0-301F-11D3-BF4B-00C04F79EFBC}") = "Exceptions", "Exceptions\Exceptions.csproj", "{D0180134-98FD-4655-8FDC-262F2BB59A87}"
EndProject
Global
	GlobalSection(SolutionConfigurationPlatforms) = preSolution
		Debug|Any CPU = Debug|Any CPU
		Release|Any CPU = Release|Any CPU
	EndGlobalSection
	GlobalSection(ProjectConfigurationPlatforms) = postSolution
		{D0180134-98FD-4655-8FDC-262F2BB59A87}.Debug|Any CPU.ActiveCfg = Debug|Any CPU
		{D0180134-98FD-4655-8FDC-262F2BB59A87}.Debug|Any CPU.Build.0 = Debug|Any CPU
		{D0180134-98FD-4655-8FDC-262F2BB59A87}.Release|Any CPU.ActiveCfg = Release|Any CPU
		{D0180134-98FD-4655-8FDC-262F2BB59A87}.Release|Any CPU.Build.0 = Release|Any CPU
	EndGlobalSection
	GlobalSection(SolutionProperties) = preSolution
		HideSolutionNode = FALSE
	EndGlobalSection
	GlobalSection(ExtensibilityGlobals) = postSolution
		SolutionGuid = {9E9C51C8-B6EC-429D-86B7-5A421B7C6653}
	EndGlobalSection
EndGlobal
