
Microsoft Visual Studio Solution File, Format Version 12.00
# Visual Studio Version 17
VisualStudioVersion = 17.1.32228.430
MinimumVisualStudioVersion = 10.0.40219.1
Project("{FAE04EC0-301F-11D3-BF4B-00C04F79EFBC}") = "SocketServer", "SocketServer\SocketServer.csproj", "{58EEC271-81B0-4A73-8DC8-6C3F3FA0915B}"
EndProject
Global
	GlobalSection(SolutionConfigurationPlatforms) = preSolution
		Debug|Any CPU = Debug|Any CPU
		Release|Any CPU = Release|Any CPU
	EndGlobalSection
	GlobalSection(ProjectConfigurationPlatforms) = postSolution
		{58EEC271-81B0-4A73-8DC8-6C3F3FA0915B}.Debug|Any CPU.ActiveCfg = Debug|Any CPU
		{58EEC271-81B0-4A73-8DC8-6C3F3FA0915B}.Debug|Any CPU.Build.0 = Debug|Any CPU
		{58EEC271-81B0-4A73-8DC8-6C3F3FA0915B}.Release|Any CPU.ActiveCfg = Release|Any CPU
		{58EEC271-81B0-4A73-8DC8-6C3F3FA0915B}.Release|Any CPU.Build.0 = Release|Any CPU
	EndGlobalSection
	GlobalSection(SolutionProperties) = preSolution
		HideSolutionNode = FALSE
	EndGlobalSection
	GlobalSection(ExtensibilityGlobals) = postSolution
		SolutionGuid = {A48521F5-10CE-4869-A102-D6CE4DCC3A52}
	EndGlobalSection
EndGlobal
