
Microsoft Visual Studio Solution File, Format Version 12.00
# Visual Studio Version 17
VisualStudioVersion = 17.1.32319.34
MinimumVisualStudioVersion = 10.0.40219.1
Project("{FAE04EC0-301F-11D3-BF4B-00C04F79EFBC}") = "InterfaceProject2", "InterfaceProject2\InterfaceProject2.csproj", "{FCB664D4-6432-49F1-B58C-906EBD679881}"
EndProject
Global
	GlobalSection(SolutionConfigurationPlatforms) = preSolution
		Debug|Any CPU = Debug|Any CPU
		Release|Any CPU = Release|Any CPU
	EndGlobalSection
	GlobalSection(ProjectConfigurationPlatforms) = postSolution
		{FCB664D4-6432-49F1-B58C-906EBD679881}.Debug|Any CPU.ActiveCfg = Debug|Any CPU
		{FCB664D4-6432-49F1-B58C-906EBD679881}.Debug|Any CPU.Build.0 = Debug|Any CPU
		{FCB664D4-6432-49F1-B58C-906EBD679881}.Release|Any CPU.ActiveCfg = Release|Any CPU
		{FCB664D4-6432-49F1-B58C-906EBD679881}.Release|Any CPU.Build.0 = Release|Any CPU
	EndGlobalSection
	GlobalSection(SolutionProperties) = preSolution
		HideSolutionNode = FALSE
	EndGlobalSection
	GlobalSection(ExtensibilityGlobals) = postSolution
		SolutionGuid = {96244031-7C6D-420E-8868-140A5532F4FF}
	EndGlobalSection
EndGlobal
