
Microsoft Visual Studio Solution File, Format Version 12.00
# Visual Studio Version 17
VisualStudioVersion = 17.1.32319.34
MinimumVisualStudioVersion = 10.0.40219.1
Project("{FAE04EC0-301F-11D3-BF4B-00C04F79EFBC}") = "UnsafeProject", "UnsafeProject\UnsafeProject.csproj", "{63637138-E2D0-48BC-A46E-CC36025F2D85}"
EndProject
Global
	GlobalSection(SolutionConfigurationPlatforms) = preSolution
		Debug|Any CPU = Debug|Any CPU
		Release|Any CPU = Release|Any CPU
	EndGlobalSection
	GlobalSection(ProjectConfigurationPlatforms) = postSolution
		{63637138-E2D0-48BC-A46E-CC36025F2D85}.Debug|Any CPU.ActiveCfg = Debug|Any CPU
		{63637138-E2D0-48BC-A46E-CC36025F2D85}.Debug|Any CPU.Build.0 = Debug|Any CPU
		{63637138-E2D0-48BC-A46E-CC36025F2D85}.Release|Any CPU.ActiveCfg = Release|Any CPU
		{63637138-E2D0-48BC-A46E-CC36025F2D85}.Release|Any CPU.Build.0 = Release|Any CPU
	EndGlobalSection
	GlobalSection(SolutionProperties) = preSolution
		HideSolutionNode = FALSE
	EndGlobalSection
	GlobalSection(ExtensibilityGlobals) = postSolution
		SolutionGuid = {F3F8FB59-00F6-4C9F-9A82-347D1752F516}
	EndGlobalSection
EndGlobal
